PODS:
  - Swifter (1.0.2)

DEPENDENCIES:
  - Swifter (from `https://github.com/glock45/swifter.git`)

EXTERNAL SOURCES:
  Swifter:
    :git: https://github.com/glock45/swifter.git

CHECKOUT OPTIONS:
  Swifter:
    :commit: 4765f416017469ec4449edfa080bd3383b999d9b
    :git: https://github.com/glock45/swifter.git

SPEC CHECKSUMS:
  Swifter: 711617abaf291bf64e84284bb0ac50b939aca763

COCOAPODS: 0.38.2
